
Microsoft Visual Studio Solution File, Format Version 12.00
# Visual Studio Version 17
VisualStudioVersion = 17.10.34916.146
MinimumVisualStudioVersion = 10.0.40219.1
Project("{FAE04EC0-301F-11D3-BF4B-00C04F79EFBC}") = "ImageTask", "ImageTask\ImageTask.csproj", "{F2452E38-E72F-479C-B36A-3435B132724B}"
EndProject
Global
	GlobalSection(SolutionConfigurationPlatforms) = preSolution
		Debug|Any CPU = Debug|Any CPU
		Release|Any CPU = Release|Any CPU
	EndGlobalSection
	GlobalSection(ProjectConfigurationPlatforms) = postSolution
		{F2452E38-E72F-479C-B36A-3435B132724B}.Debug|Any CPU.ActiveCfg = Debug|Any CPU
		{F2452E38-E72F-479C-B36A-3435B132724B}.Debug|Any CPU.Build.0 = Debug|Any CPU
		{F2452E38-E72F-479C-B36A-3435B132724B}.Release|Any CPU.ActiveCfg = Release|Any CPU
		{F2452E38-E72F-479C-B36A-3435B132724B}.Release|Any CPU.Build.0 = Release|Any CPU
	EndGlobalSection
	GlobalSection(SolutionProperties) = preSolution
		HideSolutionNode = FALSE
	EndGlobalSection
	GlobalSection(ExtensibilityGlobals) = postSolution
		SolutionGuid = {1CAFFAC6-0F7E-4D54-986C-E80701439E19}
	EndGlobalSection
EndGlobal
